// !$*UTF8*$!
{
	archiveVersion = 1;
	classes = {
	};
	objectVersion = 50;
	objects = {

/* Begin PBXBuildFile section */
		FEBD1D1524CF2ECA002CEF08 /* AppDelegate.swift in Sources */ = {isa = PBXBuildFile; fileRef = FEBD1D1424CF2ECA002CEF08 /* AppDelegate.swift */; };
		FEBD1D1724CF2ECA002CEF08 /* SceneDelegate.swift in Sources */ = {isa = PBXBuildFile; fileRef = FEBD1D1624CF2ECA002CEF08 /* SceneDelegate.swift */; };
		FEBD1D1A24CF2ECA002CEF08 /* SimpleHealth.xcdatamodeld in Sources */ = {isa = PBXBuildFile; fileRef = FEBD1D1824CF2ECA002CEF08 /* SimpleHealth.xcdatamodeld */; };
		FEBD1D1C24CF2ECA002CEF08 /* ContentView.swift in Sources */ = {isa = PBXBuildFile; fileRef = FEBD1D1B24CF2ECA002CEF08 /* ContentView.swift */; };
		FEBD1D1E24CF2ED7002CEF08 /* Assets.xcassets in Resources */ = {isa = PBXBuildFile; fileRef = FEBD1D1D24CF2ED7002CEF08 /* Assets.xcassets */; };
		FEBD1D2124CF2ED7002CEF08 /* Preview Assets.xcassets in Resources */ = {isa = PBXBuildFile; fileRef = FEBD1D2024CF2ED7002CEF08 /* Preview Assets.xcassets */; };
		FEBD1D2424CF2ED7002CEF08 /* LaunchScreen.storyboard in Resources */ = {isa = PBXBuildFile; fileRef = FEBD1D2224CF2ED7002CEF08 /* LaunchScreen.storyboard */; };
		FEBD1D2F24CF2ED7002CEF08 /* SimpleHealthTests.swift in Sources */ = {isa = PBXBuildFile; fileRef = FEBD1D2E24CF2ED7002CEF08 /* SimpleHealthTests.swift */; };
		FEBD1D3A24CF2ED7002CEF08 /* SimpleHealthUITests.swift in Sources */ = {isa = PBXBuildFile; fileRef = FEBD1D3924CF2ED7002CEF08 /* SimpleHealthUITests.swift */; };
		FEBD1D4A24CF3440002CEF08 /* SHSettingsView.swift in Sources */ = {isa = PBXBuildFile; fileRef = FEBD1D4924CF3440002CEF08 /* SHSettingsView.swift */; };
		FEBD1D4E24CF363B002CEF08 /* HealthKit.framework in Frameworks */ = {isa = PBXBuildFile; fileRef = FEBD1D4D24CF363B002CEF08 /* HealthKit.framework */; };
		FEBD1D5024CF36CB002CEF08 /* SHResultsView.swift in Sources */ = {isa = PBXBuildFile; fileRef = FEBD1D4F24CF36CB002CEF08 /* SHResultsView.swift */; };
		FEBD1D5224CF3D10002CEF08 /* SHHRView.swift in Sources */ = {isa = PBXBuildFile; fileRef = FEBD1D5124CF3D0F002CEF08 /* SHHRView.swift */; };
		FEBD1D5424CF40B4002CEF08 /* HealthKitSetupAssistant.swift in Sources */ = {isa = PBXBuildFile; fileRef = FEBD1D5324CF40B4002CEF08 /* HealthKitSetupAssistant.swift */; };
		FEBD1D5624CF4110002CEF08 /* UserHealthProfile.swift in Sources */ = {isa = PBXBuildFile; fileRef = FEBD1D5524CF4110002CEF08 /* UserHealthProfile.swift */; };
/* End PBXBuildFile section */

/* Begin PBXContainerItemProxy section */
		FEBD1D2B24CF2ED7002CEF08 /* PBXContainerItemProxy */ = {
			isa = PBXContainerItemProxy;
			containerPortal = FEBD1D0924CF2ECA002CEF08 /* Project object */;
			proxyType = 1;
			remoteGlobalIDString = FEBD1D1024CF2ECA002CEF08;
			remoteInfo = SimpleHealth;
		};
		FEBD1D3624CF2ED7002CEF08 /* PBXContainerItemProxy */ = {
			isa = PBXContainerItemProxy;
			containerPortal = FEBD1D0924CF2ECA002CEF08 /* Project object */;
			proxyType = 1;
			remoteGlobalIDString = FEBD1D1024CF2ECA002CEF08;
			remoteInfo = SimpleHealth;
		};
/* End PBXContainerItemProxy section */

/* Begin PBXFileReference section */
		FEBD1D1124CF2ECA002CEF08 /* SimpleHealth.app */ = {isa = PBXFileReference; explicitFileType = wrapper.application; includeInIndex = 0; path = SimpleHealth.app; sourceTree = BUILT_PRODUCTS_DIR; };
		FEBD1D1424CF2ECA002CEF08 /* AppDelegate.swift */ = {isa = PBXFileReference; lastKnownFileType = sourcecode.swift; path = AppDelegate.swift; sourceTree = "<group>"; };
		FEBD1D1624CF2ECA002CEF08 /* SceneDelegate.swift */ = {isa = PBXFileReference; lastKnownFileType = sourcecode.swift; path = SceneDelegate.swift; sourceTree = "<group>"; };
		FEBD1D1924CF2ECA002CEF08 /* SimpleHealth.xcdatamodel */ = {isa = PBXFileReference; lastKnownFileType = wrapper.xcdatamodel; path = SimpleHealth.xcdatamodel; sourceTree = "<group>"; };
		FEBD1D1B24CF2ECA002CEF08 /* ContentView.swift */ = {isa = PBXFileReference; lastKnownFileType = sourcecode.swift; path = ContentView.swift; sourceTree = "<group>"; };
		FEBD1D1D24CF2ED7002CEF08 /* Assets.xcassets */ = {isa = PBXFileReference; lastKnownFileType = folder.assetcatalog; path = Assets.xcassets; sourceTree = "<group>"; };
		FEBD1D2024CF2ED7002CEF08 /* Preview Assets.xcassets */ = {isa = PBXFileReference; lastKnownFileType = folder.assetcatalog; path = "Preview Assets.xcassets"; sourceTree = "<group>"; };
		FEBD1D2324CF2ED7002CEF08 /* Base */ = {isa = PBXFileReference; lastKnownFileType = file.storyboard; name = Base; path = Base.lproj/LaunchScreen.storyboard; sourceTree = "<group>"; };
		FEBD1D2524CF2ED7002CEF08 /* Info.plist */ = {isa = PBXFileReference; lastKnownFileType = text.plist.xml; path = Info.plist; sourceTree = "<group>"; };
		FEBD1D2A24CF2ED7002CEF08 /* SimpleHealthTests.xctest */ = {isa = PBXFileReference; explicitFileType = wrapper.cfbundle; includeInIndex = 0; path = SimpleHealthTests.xctest; sourceTree = BUILT_PRODUCTS_DIR; };
		FEBD1D2E24CF2ED7002CEF08 /* SimpleHealthTests.swift */ = {isa = PBXFileReference; lastKnownFileType = sourcecode.swift; path = SimpleHealthTests.swift; sourceTree = "<group>"; };
		FEBD1D3024CF2ED7002CEF08 /* Info.plist */ = {isa = PBXFileReference; lastKnownFileType = text.plist.xml; path = Info.plist; sourceTree = "<group>"; };
		FEBD1D3524CF2ED7002CEF08 /* SimpleHealthUITests.xctest */ = {isa = PBXFileReference; explicitFileType = wrapper.cfbundle; includeInIndex = 0; path = SimpleHealthUITests.xctest; sourceTree = BUILT_PRODUCTS_DIR; };
		FEBD1D3924CF2ED7002CEF08 /* SimpleHealthUITests.swift */ = {isa = PBXFileReference; lastKnownFileType = sourcecode.swift; path = SimpleHealthUITests.swift; sourceTree = "<group>"; };
		FEBD1D3B24CF2ED7002CEF08 /* Info.plist */ = {isa = PBXFileReference; lastKnownFileType = text.plist.xml; path = Info.plist; sourceTree = "<group>"; };
		FEBD1D4924CF3440002CEF08 /* SHSettingsView.swift */ = {isa = PBXFileReference; lastKnownFileType = sourcecode.swift; path = SHSettingsView.swift; sourceTree = "<group>"; };
		FEBD1D4B24CF363B002CEF08 /* SimpleHealth.entitlements */ = {isa = PBXFileReference; lastKnownFileType = text.plist.entitlements; path = SimpleHealth.entitlements; sourceTree = "<group>"; };
		FEBD1D4D24CF363B002CEF08 /* HealthKit.framework */ = {isa = PBXFileReference; lastKnownFileType = wrapper.framework; name = HealthKit.framework; path = System/Library/Frameworks/HealthKit.framework; sourceTree = SDKROOT; };
		FEBD1D4F24CF36CB002CEF08 /* SHResultsView.swift */ = {isa = PBXFileReference; lastKnownFileType = sourcecode.swift; path = SHResultsView.swift; sourceTree = "<group>"; };
		FEBD1D5124CF3D0F002CEF08 /* SHHRView.swift */ = {isa = PBXFileReference; lastKnownFileType = sourcecode.swift; path = SHHRView.swift; sourceTree = "<group>"; };
		FEBD1D5324CF40B4002CEF08 /* HealthKitSetupAssistant.swift */ = {isa = PBXFileReference; fileEncoding = 4; lastKnownFileType = sourcecode.swift; path = HealthKitSetupAssistant.swift; sourceTree = "<group>"; };
		FEBD1D5524CF4110002CEF08 /* UserHealthProfile.swift */ = {isa = PBXFileReference; fileEncoding = 4; lastKnownFileType = sourcecode.swift; path = UserHealthProfile.swift; sourceTree = "<group>"; };
/* End PBXFileReference section */

/* Begin PBXFrameworksBuildPhase section */
		FEBD1D0E24CF2ECA002CEF08 /* Frameworks */ = {
			isa = PBXFrameworksBuildPhase;
			buildActionMask = 2147483647;
			files = (
				FEBD1D4E24CF363B002CEF08 /* HealthKit.framework in Frameworks */,
			);
			runOnlyForDeploymentPostprocessing = 0;
		};
		FEBD1D2724CF2ED7002CEF08 /* Frameworks */ = {
			isa = PBXFrameworksBuildPhase;
			buildActionMask = 2147483647;
			files = (
			);
			runOnlyForDeploymentPostprocessing = 0;
		};
		FEBD1D3224CF2ED7002CEF08 /* Frameworks */ = {
			isa = PBXFrameworksBuildPhase;
			buildActionMask = 2147483647;
			files = (
			);
			runOnlyForDeploymentPostprocessing = 0;
		};
/* End PBXFrameworksBuildPhase section */

/* Begin PBXGroup section */
		FEBD1D0824CF2ECA002CEF08 = {
			isa = PBXGroup;
			children = (
				FEBD1D1324CF2ECA002CEF08 /* SimpleHealth */,
				FEBD1D2D24CF2ED7002CEF08 /* SimpleHealthTests */,
				FEBD1D3824CF2ED7002CEF08 /* SimpleHealthUITests */,
				FEBD1D1224CF2ECA002CEF08 /* Products */,
				FEBD1D4C24CF363B002CEF08 /* Frameworks */,
			);
			sourceTree = "<group>";
		};
		FEBD1D1224CF2ECA002CEF08 /* Products */ = {
			isa = PBXGroup;
			children = (
				FEBD1D1124CF2ECA002CEF08 /* SimpleHealth.app */,
				FEBD1D2A24CF2ED7002CEF08 /* SimpleHealthTests.xctest */,
				FEBD1D3524CF2ED7002CEF08 /* SimpleHealthUITests.xctest */,
			);
			name = Products;
			sourceTree = "<group>";
		};
		FEBD1D1324CF2ECA002CEF08 /* SimpleHealth */ = {
			isa = PBXGroup;
			children = (
				FEBD1D4B24CF363B002CEF08 /* SimpleHealth.entitlements */,
				FEBD1D1424CF2ECA002CEF08 /* AppDelegate.swift */,
				FEBD1D5324CF40B4002CEF08 /* HealthKitSetupAssistant.swift */,
				FEBD1D1624CF2ECA002CEF08 /* SceneDelegate.swift */,
				FEBD1D1B24CF2ECA002CEF08 /* ContentView.swift */,
				FEBD1D5724CF4119002CEF08 /* Models */,
				FEBD1D5124CF3D0F002CEF08 /* SHHRView.swift */,
				FEBD1D4924CF3440002CEF08 /* SHSettingsView.swift */,
				FEBD1D4F24CF36CB002CEF08 /* SHResultsView.swift */,
				FEBD1D1D24CF2ED7002CEF08 /* Assets.xcassets */,
				FEBD1D2224CF2ED7002CEF08 /* LaunchScreen.storyboard */,
				FEBD1D2524CF2ED7002CEF08 /* Info.plist */,
				FEBD1D1824CF2ECA002CEF08 /* SimpleHealth.xcdatamodeld */,
				FEBD1D1F24CF2ED7002CEF08 /* Preview Content */,
			);
			path = SimpleHealth;
			sourceTree = "<group>";
		};
		FEBD1D1F24CF2ED7002CEF08 /* Preview Content */ = {
			isa = PBXGroup;
			children = (
				FEBD1D2024CF2ED7002CEF08 /* Preview Assets.xcassets */,
			);
			path = "Preview Content";
			sourceTree = "<group>";
		};
		FEBD1D2D24CF2ED7002CEF08 /* SimpleHealthTests */ = {
			isa = PBXGroup;
			children = (
				FEBD1D2E24CF2ED7002CEF08 /* SimpleHealthTests.swift */,
				FEBD1D3024CF2ED7002CEF08 /* Info.plist */,
			);
			path = SimpleHealthTests;
			sourceTree = "<group>";
		};
		FEBD1D3824CF2ED7002CEF08 /* SimpleHealthUITests */ = {
			isa = PBXGroup;
			children = (
				FEBD1D3924CF2ED7002CEF08 /* SimpleHealthUITests.swift */,
				FEBD1D3B24CF2ED7002CEF08 /* Info.plist */,
			);
			path = SimpleHealthUITests;
			sourceTree = "<group>";
		};
		FEBD1D4C24CF363B002CEF08 /* Frameworks */ = {
			isa = PBXGroup;
			children = (
				FEBD1D4D24CF363B002CEF08 /* HealthKit.framework */,
			);
			name = Frameworks;
			sourceTree = "<group>";
		};
		FEBD1D5724CF4119002CEF08 /* Models */ = {
			isa = PBXGroup;
			children = (
				FEBD1D5524CF4110002CEF08 /* UserHealthProfile.swift */,
			);
			path = Models;
			sourceTree = "<group>";
		};
/* End PBXGroup section */

/* Begin PBXNativeTarget section */
		FEBD1D1024CF2ECA002CEF08 /* SimpleHealth */ = {
			isa = PBXNativeTarget;
			buildConfigurationList = FEBD1D3E24CF2ED7002CEF08 /* Build configuration list for PBXNativeTarget "SimpleHealth" */;
			buildPhases = (
				FEBD1D0D24CF2ECA002CEF08 /* Sources */,
				FEBD1D0E24CF2ECA002CEF08 /* Frameworks */,
				FEBD1D0F24CF2ECA002CEF08 /* Resources */,
			);
			buildRules = (
			);
			dependencies = (
			);
			name = SimpleHealth;
			productName = SimpleHealth;
			productReference = FEBD1D1124CF2ECA002CEF08 /* SimpleHealth.app */;
			productType = "com.apple.product-type.application";
		};
		FEBD1D2924CF2ED7002CEF08 /* SimpleHealthTests */ = {
			isa = PBXNativeTarget;
			buildConfigurationList = FEBD1D4124CF2ED7002CEF08 /* Build configuration list for PBXNativeTarget "SimpleHealthTests" */;
			buildPhases = (
				FEBD1D2624CF2ED7002CEF08 /* Sources */,
				FEBD1D2724CF2ED7002CEF08 /* Frameworks */,
				FEBD1D2824CF2ED7002CEF08 /* Resources */,
			);
			buildRules = (
			);
			dependencies = (
				FEBD1D2C24CF2ED7002CEF08 /* PBXTargetDependency */,
			);
			name = SimpleHealthTests;
			productName = SimpleHealthTests;
			productReference = FEBD1D2A24CF2ED7002CEF08 /* SimpleHealthTests.xctest */;
			productType = "com.apple.product-type.bundle.unit-test";
		};
		FEBD1D3424CF2ED7002CEF08 /* SimpleHealthUITests */ = {
			isa = PBXNativeTarget;
			buildConfigurationList = FEBD1D4424CF2ED7002CEF08 /* Build configuration list for PBXNativeTarget "SimpleHealthUITests" */;
			buildPhases = (
				FEBD1D3124CF2ED7002CEF08 /* Sources */,
				FEBD1D3224CF2ED7002CEF08 /* Frameworks */,
				FEBD1D3324CF2ED7002CEF08 /* Resources */,
			);
			buildRules = (
			);
			dependencies = (
				FEBD1D3724CF2ED7002CEF08 /* PBXTargetDependency */,
			);
			name = SimpleHealthUITests;
			productName = SimpleHealthUITests;
			productReference = FEBD1D3524CF2ED7002CEF08 /* SimpleHealthUITests.xctest */;
			productType = "com.apple.product-type.bundle.ui-testing";
		};
/* End PBXNativeTarget section */

/* Begin PBXProject section */
		FEBD1D0924CF2ECA002CEF08 /* Project object */ = {
			isa = PBXProject;
			attributes = {
				LastSwiftUpdateCheck = 1160;
				LastUpgradeCheck = 1160;
				ORGANIZATIONNAME = "Richard Sprague";
				TargetAttributes = {
					FEBD1D1024CF2ECA002CEF08 = {
						CreatedOnToolsVersion = 11.6;
					};
					FEBD1D2924CF2ED7002CEF08 = {
						CreatedOnToolsVersion = 11.6;
						TestTargetID = FEBD1D1024CF2ECA002CEF08;
					};
					FEBD1D3424CF2ED7002CEF08 = {
						CreatedOnToolsVersion = 11.6;
						TestTargetID = FEBD1D1024CF2ECA002CEF08;
					};
				};
			};
			buildConfigurationList = FEBD1D0C24CF2ECA002CEF08 /* Build configuration list for PBXProject "SimpleHealth" */;
			compatibilityVersion = "Xcode 9.3";
			developmentRegion = en;
			hasScannedForEncodings = 0;
			knownRegions = (
				en,
				Base,
			);
			mainGroup = FEBD1D0824CF2ECA002CEF08;
			productRefGroup = FEBD1D1224CF2ECA002CEF08 /* Products */;
			projectDirPath = "";
			projectRoot = "";
			targets = (
				FEBD1D1024CF2ECA002CEF08 /* SimpleHealth */,
				FEBD1D2924CF2ED7002CEF08 /* SimpleHealthTests */,
				FEBD1D3424CF2ED7002CEF08 /* SimpleHealthUITests */,
			);
		};
/* End PBXProject section */

/* Begin PBXResourcesBuildPhase section */
		FEBD1D0F24CF2ECA002CEF08 /* Resources */ = {
			isa = PBXResourcesBuildPhase;
			buildActionMask = 2147483647;
			files = (
				FEBD1D2424CF2ED7002CEF08 /* LaunchScreen.storyboard in Resources */,
				FEBD1D2124CF2ED7002CEF08 /* Preview Assets.xcassets in Resources */,
				FEBD1D1E24CF2ED7002CEF08 /* Assets.xcassets in Resources */,
			);
			runOnlyForDeploymentPostprocessing = 0;
		};
		FEBD1D2824CF2ED7002CEF08 /* Resources */ = {
			isa = PBXResourcesBuildPhase;
			buildActionMask = 2147483647;
			files = (
			);
			runOnlyForDeploymentPostprocessing = 0;
		};
		FEBD1D3324CF2ED7002CEF08 /* Resources */ = {
			isa = PBXResourcesBuildPhase;
			buildActionMask = 2147483647;
			files = (
			);
			runOnlyForDeploymentPostprocessing = 0;
		};
/* End PBXResourcesBuildPhase section */

/* Begin PBXSourcesBuildPhase section */
		FEBD1D0D24CF2ECA002CEF08 /* Sources */ = {
			isa = PBXSourcesBuildPhase;
			buildActionMask = 2147483647;
			files = (
				FEBD1D1A24CF2ECA002CEF08 /* SimpleHealth.xcdatamodeld in Sources */,
				FEBD1D5424CF40B4002CEF08 /* HealthKitSetupAssistant.swift in Sources */,
				FEBD1D5624CF4110002CEF08 /* UserHealthProfile.swift in Sources */,
				FEBD1D1524CF2ECA002CEF08 /* AppDelegate.swift in Sources */,
				FEBD1D1C24CF2ECA002CEF08 /* ContentView.swift in Sources */,
				FEBD1D5224CF3D10002CEF08 /* SHHRView.swift in Sources */,
				FEBD1D1724CF2ECA002CEF08 /* SceneDelegate.swift in Sources */,
				FEBD1D4A24CF3440002CEF08 /* SHSettingsView.swift in Sources */,
				FEBD1D5024CF36CB002CEF08 /* SHResultsView.swift in Sources */,
			);
			runOnlyForDeploymentPostprocessing = 0;
		};
		FEBD1D2624CF2ED7002CEF08 /* Sources */ = {
			isa = PBXSourcesBuildPhase;
			buildActionMask = 2147483647;
			files = (
				FEBD1D2F24CF2ED7002CEF08 /* SimpleHealthTests.swift in Sources */,
			);
			runOnlyForDeploymentPostprocessing = 0;
		};
		FEBD1D3124CF2ED7002CEF08 /* Sources */ = {
			isa = PBXSourcesBuildPhase;
			buildActionMask = 2147483647;
			files = (
				FEBD1D3A24CF2ED7002CEF08 /* SimpleHealthUITests.swift in Sources */,
			);
			runOnlyForDeploymentPostprocessing = 0;
		};
/* End PBXSourcesBuildPhase section */

/* Begin PBXTargetDependency section */
		FEBD1D2C24CF2ED7002CEF08 /* PBXTargetDependency */ = {
			isa = PBXTargetDependency;
			target = FEBD1D1024CF2ECA002CEF08 /* SimpleHealth */;
			targetProxy = FEBD1D2B24CF2ED7002CEF08 /* PBXContainerItemProxy */;
		};
		FEBD1D3724CF2ED7002CEF08 /* PBXTargetDependency */ = {
			isa = PBXTargetDependency;
			target = FEBD1D1024CF2ECA002CEF08 /* SimpleHealth */;
			targetProxy = FEBD1D3624CF2ED7002CEF08 /* PBXContainerItemProxy */;
		};
/* End PBXTargetDependency section */

/* Begin PBXVariantGroup section */
		FEBD1D2224CF2ED7002CEF08 /* LaunchScreen.storyboard */ = {
			isa = PBXVariantGroup;
			children = (
				FEBD1D2324CF2ED7002CEF08 /* Base */,
			);
			name = LaunchScreen.storyboard;
			sourceTree = "<group>";
		};
/* End PBXVariantGroup section */

/* Begin XCBuildConfiguration section */
		FEBD1D3C24CF2ED7002CEF08 /* Debug */ = {
			isa = XCBuildConfiguration;
			buildSettings = {
				ALWAYS_SEARCH_USER_PATHS = NO;
				CLANG_ANALYZER_NONNULL = YES;
				CLANG_ANALYZER_NUMBER_OBJECT_CONVERSION = YES_AGGRESSIVE;
				CLANG_CXX_LANGUAGE_STANDARD = "gnu++14";
				CLANG_CXX_LIBRARY = "libc++";
				CLANG_ENABLE_MODULES = YES;
				CLANG_ENABLE_OBJC_ARC = YES;
				CLANG_ENABLE_OBJC_WEAK = YES;
				CLANG_WARN_BLOCK_CAPTURE_AUTORELEASING = YES;
				CLANG_WARN_BOOL_CONVERSION = YES;
				CLANG_WARN_COMMA = YES;
				CLANG_WARN_CONSTANT_CONVERSION = YES;
				CLANG_WARN_DEPRECATED_OBJC_IMPLEMENTATIONS = YES;
				CLANG_WARN_DIRECT_OBJC_ISA_USAGE = YES_ERROR;
				CLANG_WARN_DOCUMENTATION_COMMENTS = YES;
				CLANG_WARN_EMPTY_BODY = YES;
				CLANG_WARN_ENUM_CONVERSION = YES;
				CLANG_WARN_INFINITE_RECURSION = YES;
				CLANG_WARN_INT_CONVERSION = YES;
				CLANG_WARN_NON_LITERAL_NULL_CONVERSION = YES;
				CLANG_WARN_OBJC_IMPLICIT_RETAIN_SELF = YES;
				CLANG_WARN_OBJC_LITERAL_CONVERSION = YES;
				CLANG_WARN_OBJC_ROOT_CLASS = YES_ERROR;
				CLANG_WARN_RANGE_LOOP_ANALYSIS = YES;
				CLANG_WARN_STRICT_PROTOTYPES = YES;
				CLANG_WARN_SUSPICIOUS_MOVE = YES;
				CLANG_WARN_UNGUARDED_AVAILABILITY = YES_AGGRESSIVE;
				CLANG_WARN_UNREACHABLE_CODE = YES;
				CLANG_WARN__DUPLICATE_METHOD_MATCH = YES;
				COPY_PHASE_STRIP = NO;
				DEBUG_INFORMATION_FORMAT = dwarf;
				ENABLE_STRICT_OBJC_MSGSEND = YES;
				ENABLE_TESTABILITY = YES;
				GCC_C_LANGUAGE_STANDARD = gnu11;
				GCC_DYNAMIC_NO_PIC = NO;
				GCC_NO_COMMON_BLOCKS = YES;
				GCC_OPTIMIZATION_LEVEL = 0;
				GCC_PREPROCESSOR_DEFINITIONS = (
					"DEBUG=1",
					"$(inherited)",
				);
				GCC_WARN_64_TO_32_BIT_CONVERSION = YES;
				GCC_WARN_ABOUT_RETURN_TYPE = YES_ERROR;
				GCC_WARN_UNDECLARED_SELECTOR = YES;
				GCC_WARN_UNINITIALIZED_AUTOS = YES_AGGRESSIVE;
				GCC_WARN_UNUSED_FUNCTION = YES;
				GCC_WARN_UNUSED_VARIABLE = YES;
				IPHONEOS_DEPLOYMENT_TARGET = 13.6;
				MTL_ENABLE_DEBUG_INFO = INCLUDE_SOURCE;
				MTL_FAST_MATH = YES;
				ONLY_ACTIVE_ARCH = YES;
				SDKROOT = iphoneos;
				SWIFT_ACTIVE_COMPILATION_CONDITIONS = DEBUG;
				SWIFT_OPTIMIZATION_LEVEL = "-Onone";
			};
			name = Debug;
		};
		FEBD1D3D24CF2ED7002CEF08 /* Release */ = {
			isa = XCBuildConfiguration;
			buildSettings = {
				ALWAYS_SEARCH_USER_PATHS = NO;
				CLANG_ANALYZER_NONNULL = YES;
				CLANG_ANALYZER_NUMBER_OBJECT_CONVERSION = YES_AGGRESSIVE;
				CLANG_CXX_LANGUAGE_STANDARD = "gnu++14";
				CLANG_CXX_LIBRARY = "libc++";
				CLANG_ENABLE_MODULES = YES;
				CLANG_ENABLE_OBJC_ARC = YES;
				CLANG_ENABLE_OBJC_WEAK = YES;
				CLANG_WARN_BLOCK_CAPTURE_AUTORELEASING = YES;
				CLANG_WARN_BOOL_CONVERSION = YES;
				CLANG_WARN_COMMA = YES;
				CLANG_WARN_CONSTANT_CONVERSION = YES;
				CLANG_WARN_DEPRECATED_OBJC_IMPLEMENTATIONS = YES;
				CLANG_WARN_DIRECT_OBJC_ISA_USAGE = YES_ERROR;
				CLANG_WARN_DOCUMENTATION_COMMENTS = YES;
				CLANG_WARN_EMPTY_BODY = YES;
				CLANG_WARN_ENUM_CONVERSION = YES;
				CLANG_WARN_INFINITE_RECURSION = YES;
				CLANG_WARN_INT_CONVERSION = YES;
				CLANG_WARN_NON_LITERAL_NULL_CONVERSION = YES;
				CLANG_WARN_OBJC_IMPLICIT_RETAIN_SELF = YES;
				CLANG_WARN_OBJC_LITERAL_CONVERSION = YES;
				CLANG_WARN_OBJC_ROOT_CLASS = YES_ERROR;
				CLANG_WARN_RANGE_LOOP_ANALYSIS = YES;
				CLANG_WARN_STRICT_PROTOTYPES = YES;
				CLANG_WARN_SUSPICIOUS_MOVE = YES;
				CLANG_WARN_UNGUARDED_AVAILABILITY = YES_AGGRESSIVE;
				CLANG_WARN_UNREACHABLE_CODE = YES;
				CLANG_WARN__DUPLICATE_METHOD_MATCH = YES;
				COPY_PHASE_STRIP = NO;
				DEBUG_INFORMATION_FORMAT = "dwarf-with-dsym";
				ENABLE_NS_ASSERTIONS = NO;
				ENABLE_STRICT_OBJC_MSGSEND = YES;
				GCC_C_LANGUAGE_STANDARD = gnu11;
				GCC_NO_COMMON_BLOCKS = YES;
				GCC_WARN_64_TO_32_BIT_CONVERSION = YES;
				GCC_WARN_ABOUT_RETURN_TYPE = YES_ERROR;
				GCC_WARN_UNDECLARED_SELECTOR = YES;
				GCC_WARN_UNINITIALIZED_AUTOS = YES_AGGRESSIVE;
				GCC_WARN_UNUSED_FUNCTION = YES;
				GCC_WARN_UNUSED_VARIABLE = YES;
				IPHONEOS_DEPLOYMENT_TARGET = 13.6;
				MTL_ENABLE_DEBUG_INFO = NO;
				MTL_FAST_MATH = YES;
				SDKROOT = iphoneos;
				SWIFT_COMPILATION_MODE = wholemodule;
				SWIFT_OPTIMIZATION_LEVEL = "-O";
				VALIDATE_PRODUCT = YES;
			};
			name = Release;
		};
		FEBD1D3F24CF2ED7002CEF08 /* Debug */ = {
			isa = XCBuildConfiguration;
			buildSettings = {
				ASSETCATALOG_COMPILER_APPICON_NAME = AppIcon;
				CODE_SIGN_ENTITLEMENTS = SimpleHealth/SimpleHealth.entitlements;
				CODE_SIGN_STYLE = Automatic;
				DEVELOPMENT_ASSET_PATHS = "\"SimpleHealth/Preview Content\"";
				DEVELOPMENT_TEAM = 4RZ2RJUXC8;
				ENABLE_PREVIEWS = YES;
				INFOPLIST_FILE = SimpleHealth/Info.plist;
				LD_RUNPATH_SEARCH_PATHS = (
					"$(inherited)",
					"@executable_path/Frameworks",
				);
				PRODUCT_BUNDLE_IDENTIFIER = Ensembio.SimpleHealth;
				PRODUCT_NAME = "$(TARGET_NAME)";
				SWIFT_VERSION = 5.0;
				TARGETED_DEVICE_FAMILY = "1,2";
			};
			name = Debug;
		};
		FEBD1D4024CF2ED7002CEF08 /* Release */ = {
			isa = XCBuildConfiguration;
			buildSettings = {
				ASSETCATALOG_COMPILER_APPICON_NAME = AppIcon;
				CODE_SIGN_ENTITLEMENTS = SimpleHealth/SimpleHealth.entitlements;
				CODE_SIGN_STYLE = Automatic;
				DEVELOPMENT_ASSET_PATHS = "\"SimpleHealth/Preview Content\"";
				DEVELOPMENT_TEAM = 4RZ2RJUXC8;
				ENABLE_PREVIEWS = YES;
				INFOPLIST_FILE = SimpleHealth/Info.plist;
				LD_RUNPATH_SEARCH_PATHS = (
					"$(inherited)",
					"@executable_path/Frameworks",
				);
				PRODUCT_BUNDLE_IDENTIFIER = Ensembio.SimpleHealth;
				PRODUCT_NAME = "$(TARGET_NAME)";
				SWIFT_VERSION = 5.0;
				TARGETED_DEVICE_FAMILY = "1,2";
			};
			name = Release;
		};
		FEBD1D4224CF2ED7002CEF08 /* Debug */ = {
			isa = XCBuildConfiguration;
			buildSettings = {
				ALWAYS_EMBED_SWIFT_STANDARD_LIBRARIES = YES;
				BUNDLE_LOADER = "$(TEST_HOST)";
				CODE_SIGN_STYLE = Automatic;
				INFOPLIST_FILE = SimpleHealthTests/Info.plist;
				IPHONEOS_DEPLOYMENT_TARGET = 13.6;
				LD_RUNPATH_SEARCH_PATHS = (
					"$(inherited)",
					"@executable_path/Frameworks",
					"@loader_path/Frameworks",
				);
				PRODUCT_BUNDLE_IDENTIFIER = Ensembio.SimpleHealthTests;
				PRODUCT_NAME = "$(TARGET_NAME)";
				SWIFT_VERSION = 5.0;
				TARGETED_DEVICE_FAMILY = "1,2";
				TEST_HOST = "$(BUILT_PRODUCTS_DIR)/SimpleHealth.app/SimpleHealth";
			};
			name = Debug;
		};
		FEBD1D4324CF2ED7002CEF08 /* Release */ = {
			isa = XCBuildConfiguration;
			buildSettings = {
				ALWAYS_EMBED_SWIFT_STANDARD_LIBRARIES = YES;
				BUNDLE_LOADER = "$(TEST_HOST)";
				CODE_SIGN_STYLE = Automatic;
				INFOPLIST_FILE = SimpleHealthTests/Info.plist;
				IPHONEOS_DEPLOYMENT_TARGET = 13.6;
				LD_RUNPATH_SEARCH_PATHS = (
					"$(inherited)",
					"@executable_path/Frameworks",
					"@loader_path/Frameworks",
				);
				PRODUCT_BUNDLE_IDENTIFIER = Ensembio.SimpleHealthTests;
				PRODUCT_NAME = "$(TARGET_NAME)";
				SWIFT_VERSION = 5.0;
				TARGETED_DEVICE_FAMILY = "1,2";
				TEST_HOST = "$(BUILT_PRODUCTS_DIR)/SimpleHealth.app/SimpleHealth";
			};
			name = Release;
		};
		FEBD1D4524CF2ED7002CEF08 /* Debug */ = {
			isa = XCBuildConfiguration;
			buildSettings = {
				ALWAYS_EMBED_SWIFT_STANDARD_LIBRARIES = YES;
				CODE_SIGN_STYLE = Automatic;
				INFOPLIST_FILE = SimpleHealthUITests/Info.plist;
				LD_RUNPATH_SEARCH_PATHS = (
					"$(inherited)",
					"@executable_path/Frameworks",
					"@loader_path/Frameworks",
				);
				PRODUCT_BUNDLE_IDENTIFIER = Ensembio.SimpleHealthUITests;
				PRODUCT_NAME = "$(TARGET_NAME)";
				SWIFT_VERSION = 5.0;
				TARGETED_DEVICE_FAMILY = "1,2";
				TEST_TARGET_NAME = SimpleHealth;
			};
			name = Debug;
		};
		FEBD1D4624CF2ED7002CEF08 /* Release */ = {
			isa = XCBuildConfiguration;
			buildSettings = {
				ALWAYS_EMBED_SWIFT_STANDARD_LIBRARIES = YES;
				CODE_SIGN_STYLE = Automatic;
				INFOPLIST_FILE = SimpleHealthUITests/Info.plist;
				LD_RUNPATH_SEARCH_PATHS = (
					"$(inherited)",
					"@executable_path/Frameworks",
					"@loader_path/Frameworks",
				);
				PRODUCT_BUNDLE_IDENTIFIER = Ensembio.SimpleHealthUITests;
				PRODUCT_NAME = "$(TARGET_NAME)";
				SWIFT_VERSION = 5.0;
				TARGETED_DEVICE_FAMILY = "1,2";
				TEST_TARGET_NAME = SimpleHealth;
			};
			name = Release;
		};
/* End XCBuildConfiguration section */

/* Begin XCConfigurationList section */
		FEBD1D0C24CF2ECA002CEF08 /* Build configuration list for PBXProject "SimpleHealth" */ = {
			isa = XCConfigurationList;
			buildConfigurations = (
				FEBD1D3C24CF2ED7002CEF08 /* Debug */,
				FEBD1D3D24CF2ED7002CEF08 /* Release */,
			);
			defaultConfigurationIsVisible = 0;
			defaultConfigurationName = Release;
		};
		FEBD1D3E24CF2ED7002CEF08 /* Build configuration list for PBXNativeTarget "SimpleHealth" */ = {
			isa = XCConfigurationList;
			buildConfigurations = (
				FEBD1D3F24CF2ED7002CEF08 /* Debug */,
				FEBD1D4024CF2ED7002CEF08 /* Release */,
			);
			defaultConfigurationIsVisible = 0;
			defaultConfigurationName = Release;
		};
		FEBD1D4124CF2ED7002CEF08 /* Build configuration list for PBXNativeTarget "SimpleHealthTests" */ = {
			isa = XCConfigurationList;
			buildConfigurations = (
				FEBD1D4224CF2ED7002CEF08 /* Debug */,
				FEBD1D4324CF2ED7002CEF08 /* Release */,
			);
			defaultConfigurationIsVisible = 0;
			defaultConfigurationName = Release;
		};
		FEBD1D4424CF2ED7002CEF08 /* Build configuration list for PBXNativeTarget "SimpleHealthUITests" */ = {
			isa = XCConfigurationList;
			buildConfigurations = (
				FEBD1D4524CF2ED7002CEF08 /* Debug */,
				FEBD1D4624CF2ED7002CEF08 /* Release */,
			);
			defaultConfigurationIsVisible = 0;
			defaultConfigurationName = Release;
		};
/* End XCConfigurationList section */

/* Begin XCVersionGroup section */
		FEBD1D1824CF2ECA002CEF08 /* SimpleHealth.xcdatamodeld */ = {
			isa = XCVersionGroup;
			children = (
				FEBD1D1924CF2ECA002CEF08 /* SimpleHealth.xcdatamodel */,
			);
			currentVersion = FEBD1D1924CF2ECA002CEF08 /* SimpleHealth.xcdatamodel */;
			path = SimpleHealth.xcdatamodeld;
			sourceTree = "<group>";
			versionGroupType = wrapper.xcdatamodel;
		};
/* End XCVersionGroup section */
	};
	rootObject = FEBD1D0924CF2ECA002CEF08 /* Project object */;
}
